
Microsoft Visual Studio Solution File, Format Version 12.00
Project("{FAE04EC0-301F-11D3-BF4B-00C04F79EFBC}") = "HopiBot", "HopiBot\HopiBot.csproj", "{CA125B59-A0AA-466C-88B0-2729C3DAE0D0}"
EndProject
Global
	GlobalSection(SolutionConfigurationPlatforms) = preSolution
		Debug|Any CPU = Debug|Any CPU
		Release|Any CPU = Release|Any CPU
	EndGlobalSection
	GlobalSection(ProjectConfigurationPlatforms) = postSolution
		{CA125B59-A0AA-466C-88B0-2729C3DAE0D0}.Debug|Any CPU.ActiveCfg = Debug|Any CPU
		{CA125B59-A0AA-466C-88B0-2729C3DAE0D0}.Debug|Any CPU.Build.0 = Debug|Any CPU
		{CA125B59-A0AA-466C-88B0-2729C3DAE0D0}.Release|Any CPU.ActiveCfg = Release|Any CPU
		{CA125B59-A0AA-466C-88B0-2729C3DAE0D0}.Release|Any CPU.Build.0 = Release|Any CPU
	EndGlobalSection
EndGlobal
